// !$*UTF8*$!
{
	archiveVersion = 1;
	classes = {
	};
	objectVersion = 56;
	objects = {

/* Begin PBXBuildFile section */
		E213C0412BA597C900807D2A /* AppDelegate.swift in Sources */ = {isa = PBXBuildFile; fileRef = E213C0402BA597C900807D2A /* AppDelegate.swift */; };
		E213C0432BA597C900807D2A /* SceneDelegate.swift in Sources */ = {isa = PBXBuildFile; fileRef = E213C0422BA597C900807D2A /* SceneDelegate.swift */; };
		E213C0452BA597C900807D2A /* MainViewController.swift in Sources */ = {isa = PBXBuildFile; fileRef = E213C0442BA597C900807D2A /* MainViewController.swift */; };
		E213C04B2BA597C900807D2A /* Activities.xcdatamodeld in Sources */ = {isa = PBXBuildFile; fileRef = E213C0492BA597C900807D2A /* Activities.xcdatamodeld */; };
		E213C04D2BA597CA00807D2A /* Assets.xcassets in Resources */ = {isa = PBXBuildFile; fileRef = E213C04C2BA597CA00807D2A /* Assets.xcassets */; };
		E213C0502BA597CA00807D2A /* LaunchScreen.storyboard in Resources */ = {isa = PBXBuildFile; fileRef = E213C04E2BA597CA00807D2A /* LaunchScreen.storyboard */; };
		E213C0832BA59CC900807D2A /* ClosureTapGestureRecognizer.swift in Sources */ = {isa = PBXBuildFile; fileRef = E213C0762BA59CC900807D2A /* ClosureTapGestureRecognizer.swift */; };
		E213C0862BA59CC900807D2A /* UIViewControllerRepresentable+Extension.swift in Sources */ = {isa = PBXBuildFile; fileRef = E213C0772BA59CC900807D2A /* UIViewControllerRepresentable+Extension.swift */; };
		E213C0892BA59CC900807D2A /* UIImage+Extension.swift in Sources */ = {isa = PBXBuildFile; fileRef = E213C0782BA59CC900807D2A /* UIImage+Extension.swift */; };
		E213C08C2BA59CC900807D2A /* ProcessingButton.swift in Sources */ = {isa = PBXBuildFile; fileRef = E213C0792BA59CC900807D2A /* ProcessingButton.swift */; };
		E213C08F2BA59CC900807D2A /* Double+Extension.swift in Sources */ = {isa = PBXBuildFile; fileRef = E213C07A2BA59CC900807D2A /* Double+Extension.swift */; };
		E213C0922BA59CC900807D2A /* UIView+Frame.swift in Sources */ = {isa = PBXBuildFile; fileRef = E213C07B2BA59CC900807D2A /* UIView+Frame.swift */; };
		E213C0952BA59CC900807D2A /* UIColor+Helper.swift in Sources */ = {isa = PBXBuildFile; fileRef = E213C07C2BA59CC900807D2A /* UIColor+Helper.swift */; };
		E213C0982BA59CC900807D2A /* PaddingLabel.swift in Sources */ = {isa = PBXBuildFile; fileRef = E213C07D2BA59CC900807D2A /* PaddingLabel.swift */; };
		E213C09E2BA59CC900807D2A /* UIStackView+Extension.swift in Sources */ = {isa = PBXBuildFile; fileRef = E213C07F2BA59CC900807D2A /* UIStackView+Extension.swift */; };
		E213C0A12BA59CC900807D2A /* UIFont+names.swift in Sources */ = {isa = PBXBuildFile; fileRef = E213C0802BA59CC900807D2A /* UIFont+names.swift */; };
		E213C0A42BA59CC900807D2A /* BorderedGradientView.swift in Sources */ = {isa = PBXBuildFile; fileRef = E213C0812BA59CC900807D2A /* BorderedGradientView.swift */; };
		E213C0A72BA59CC900807D2A /* ReusableView.swift in Sources */ = {isa = PBXBuildFile; fileRef = E213C0822BA59CC900807D2A /* ReusableView.swift */; };
		E213C0B02BA5A25600807D2A /* Box.swift in Sources */ = {isa = PBXBuildFile; fileRef = E213C0AF2BA5A25600807D2A /* Box.swift */; };
		E213C0B42BA5A2B900807D2A /* MainViewControllerViewModel.swift in Sources */ = {isa = PBXBuildFile; fileRef = E213C0B32BA5A2B900807D2A /* MainViewControllerViewModel.swift */; };
		E213C0B82BA5A60300807D2A /* NSLayoutConstraint+Operators.swift in Sources */ = {isa = PBXBuildFile; fileRef = E213C0B72BA5A60300807D2A /* NSLayoutConstraint+Operators.swift */; };
		E213C0BF2BA5AA0900807D2A /* TaskGroupTableViewCell.swift in Sources */ = {isa = PBXBuildFile; fileRef = E213C0BE2BA5AA0900807D2A /* TaskGroupTableViewCell.swift */; };
		E2377CCA2BA5D88E005E8CF2 /* UIView+Shadows.swift in Sources */ = {isa = PBXBuildFile; fileRef = E2377CC92BA5D88E005E8CF2 /* UIView+Shadows.swift */; };
		E2377CCC2BA5E418005E8CF2 /* UIControl+Extension.swift in Sources */ = {isa = PBXBuildFile; fileRef = E2377CCB2BA5E418005E8CF2 /* UIControl+Extension.swift */; };
		E2BDEF642BA73AB7003AD044 /* Coordinator.swift in Sources */ = {isa = PBXBuildFile; fileRef = E2BDEF632BA73AB7003AD044 /* Coordinator.swift */; };
		E2BDEF672BA73B29003AD044 /* AppCoordinator.swift in Sources */ = {isa = PBXBuildFile; fileRef = E2BDEF662BA73B29003AD044 /* AppCoordinator.swift */; };
		E2BDEF692BA73E46003AD044 /* MainScreenCoordinator.swift in Sources */ = {isa = PBXBuildFile; fileRef = E2BDEF682BA73E46003AD044 /* MainScreenCoordinator.swift */; };
		E2BDEF6B2BA73E54003AD044 /* TasksScreenCoordinator.swift in Sources */ = {isa = PBXBuildFile; fileRef = E2BDEF6A2BA73E54003AD044 /* TasksScreenCoordinator.swift */; };
		E2BDEF702BA7500F003AD044 /* TasksViewControllerViewModel.swift in Sources */ = {isa = PBXBuildFile; fileRef = E2BDEF6F2BA7500F003AD044 /* TasksViewControllerViewModel.swift */; };
		E2BDEF722BA7501A003AD044 /* TasksViewController.swift in Sources */ = {isa = PBXBuildFile; fileRef = E2BDEF712BA7501A003AD044 /* TasksViewController.swift */; };
		E2BDEF742BA750F3003AD044 /* TaskTableViewCell.swift in Sources */ = {isa = PBXBuildFile; fileRef = E2BDEF732BA750F3003AD044 /* TaskTableViewCell.swift */; };
/* End PBXBuildFile section */

/* Begin PBXFileReference section */
		E213C03D2BA597C900807D2A /* Activities.app */ = {isa = PBXFileReference; explicitFileType = wrapper.application; includeInIndex = 0; path = Activities.app; sourceTree = BUILT_PRODUCTS_DIR; };
		E213C0402BA597C900807D2A /* AppDelegate.swift */ = {isa = PBXFileReference; lastKnownFileType = sourcecode.swift; path = AppDelegate.swift; sourceTree = "<group>"; };
		E213C0422BA597C900807D2A /* SceneDelegate.swift */ = {isa = PBXFileReference; lastKnownFileType = sourcecode.swift; path = SceneDelegate.swift; sourceTree = "<group>"; };
		E213C0442BA597C900807D2A /* MainViewController.swift */ = {isa = PBXFileReference; lastKnownFileType = sourcecode.swift; path = MainViewController.swift; sourceTree = "<group>"; };
		E213C04A2BA597C900807D2A /* Activities.xcdatamodel */ = {isa = PBXFileReference; lastKnownFileType = wrapper.xcdatamodel; path = Activities.xcdatamodel; sourceTree = "<group>"; };
		E213C04C2BA597CA00807D2A /* Assets.xcassets */ = {isa = PBXFileReference; lastKnownFileType = folder.assetcatalog; path = Assets.xcassets; sourceTree = "<group>"; };
		E213C04F2BA597CA00807D2A /* Base */ = {isa = PBXFileReference; lastKnownFileType = file.storyboard; name = Base; path = Base.lproj/LaunchScreen.storyboard; sourceTree = "<group>"; };
		E213C0512BA597CA00807D2A /* Info.plist */ = {isa = PBXFileReference; lastKnownFileType = text.plist.xml; path = Info.plist; sourceTree = "<group>"; };
		E213C0762BA59CC900807D2A /* ClosureTapGestureRecognizer.swift */ = {isa = PBXFileReference; fileEncoding = 4; lastKnownFileType = sourcecode.swift; path = ClosureTapGestureRecognizer.swift; sourceTree = "<group>"; };
		E213C0772BA59CC900807D2A /* UIViewControllerRepresentable+Extension.swift */ = {isa = PBXFileReference; fileEncoding = 4; lastKnownFileType = sourcecode.swift; path = "UIViewControllerRepresentable+Extension.swift"; sourceTree = "<group>"; };
		E213C0782BA59CC900807D2A /* UIImage+Extension.swift */ = {isa = PBXFileReference; fileEncoding = 4; lastKnownFileType = sourcecode.swift; path = "UIImage+Extension.swift"; sourceTree = "<group>"; };
		E213C0792BA59CC900807D2A /* ProcessingButton.swift */ = {isa = PBXFileReference; fileEncoding = 4; lastKnownFileType = sourcecode.swift; path = ProcessingButton.swift; sourceTree = "<group>"; };
		E213C07A2BA59CC900807D2A /* Double+Extension.swift */ = {isa = PBXFileReference; fileEncoding = 4; lastKnownFileType = sourcecode.swift; path = "Double+Extension.swift"; sourceTree = "<group>"; };
		E213C07B2BA59CC900807D2A /* UIView+Frame.swift */ = {isa = PBXFileReference; fileEncoding = 4; lastKnownFileType = sourcecode.swift; path = "UIView+Frame.swift"; sourceTree = "<group>"; };
		E213C07C2BA59CC900807D2A /* UIColor+Helper.swift */ = {isa = PBXFileReference; fileEncoding = 4; lastKnownFileType = sourcecode.swift; path = "UIColor+Helper.swift"; sourceTree = "<group>"; };
		E213C07D2BA59CC900807D2A /* PaddingLabel.swift */ = {isa = PBXFileReference; fileEncoding = 4; lastKnownFileType = sourcecode.swift; path = PaddingLabel.swift; sourceTree = "<group>"; };
		E213C07F2BA59CC900807D2A /* UIStackView+Extension.swift */ = {isa = PBXFileReference; fileEncoding = 4; lastKnownFileType = sourcecode.swift; path = "UIStackView+Extension.swift"; sourceTree = "<group>"; };
		E213C0802BA59CC900807D2A /* UIFont+names.swift */ = {isa = PBXFileReference; fileEncoding = 4; lastKnownFileType = sourcecode.swift; path = "UIFont+names.swift"; sourceTree = "<group>"; };
		E213C0812BA59CC900807D2A /* BorderedGradientView.swift */ = {isa = PBXFileReference; fileEncoding = 4; lastKnownFileType = sourcecode.swift; path = BorderedGradientView.swift; sourceTree = "<group>"; };
		E213C0822BA59CC900807D2A /* ReusableView.swift */ = {isa = PBXFileReference; fileEncoding = 4; lastKnownFileType = sourcecode.swift; path = ReusableView.swift; sourceTree = "<group>"; };
		E213C0AF2BA5A25600807D2A /* Box.swift */ = {isa = PBXFileReference; lastKnownFileType = sourcecode.swift; path = Box.swift; sourceTree = "<group>"; };
		E213C0B32BA5A2B900807D2A /* MainViewControllerViewModel.swift */ = {isa = PBXFileReference; lastKnownFileType = sourcecode.swift; path = MainViewControllerViewModel.swift; sourceTree = "<group>"; };
		E213C0B72BA5A60300807D2A /* NSLayoutConstraint+Operators.swift */ = {isa = PBXFileReference; lastKnownFileType = sourcecode.swift; path = "NSLayoutConstraint+Operators.swift"; sourceTree = "<group>"; };
		E213C0BE2BA5AA0900807D2A /* TaskGroupTableViewCell.swift */ = {isa = PBXFileReference; lastKnownFileType = sourcecode.swift; path = TaskGroupTableViewCell.swift; sourceTree = "<group>"; };
		E2377CC92BA5D88E005E8CF2 /* UIView+Shadows.swift */ = {isa = PBXFileReference; fileEncoding = 4; lastKnownFileType = sourcecode.swift; path = "UIView+Shadows.swift"; sourceTree = "<group>"; };
		E2377CCB2BA5E418005E8CF2 /* UIControl+Extension.swift */ = {isa = PBXFileReference; lastKnownFileType = sourcecode.swift; path = "UIControl+Extension.swift"; sourceTree = "<group>"; };
		E2BDEF632BA73AB7003AD044 /* Coordinator.swift */ = {isa = PBXFileReference; lastKnownFileType = sourcecode.swift; path = Coordinator.swift; sourceTree = "<group>"; };
		E2BDEF662BA73B29003AD044 /* AppCoordinator.swift */ = {isa = PBXFileReference; lastKnownFileType = sourcecode.swift; path = AppCoordinator.swift; sourceTree = "<group>"; };
		E2BDEF682BA73E46003AD044 /* MainScreenCoordinator.swift */ = {isa = PBXFileReference; lastKnownFileType = sourcecode.swift; path = MainScreenCoordinator.swift; sourceTree = "<group>"; };
		E2BDEF6A2BA73E54003AD044 /* TasksScreenCoordinator.swift */ = {isa = PBXFileReference; lastKnownFileType = sourcecode.swift; path = TasksScreenCoordinator.swift; sourceTree = "<group>"; };
		E2BDEF6F2BA7500F003AD044 /* TasksViewControllerViewModel.swift */ = {isa = PBXFileReference; lastKnownFileType = sourcecode.swift; path = TasksViewControllerViewModel.swift; sourceTree = "<group>"; };
		E2BDEF712BA7501A003AD044 /* TasksViewController.swift */ = {isa = PBXFileReference; lastKnownFileType = sourcecode.swift; path = TasksViewController.swift; sourceTree = "<group>"; };
		E2BDEF732BA750F3003AD044 /* TaskTableViewCell.swift */ = {isa = PBXFileReference; lastKnownFileType = sourcecode.swift; path = TaskTableViewCell.swift; sourceTree = "<group>"; };
/* End PBXFileReference section */

/* Begin PBXFrameworksBuildPhase section */
		E213C03A2BA597C900807D2A /* Frameworks */ = {
			isa = PBXFrameworksBuildPhase;
			buildActionMask = 2147483647;
			files = (
			);
			runOnlyForDeploymentPostprocessing = 0;
		};
/* End PBXFrameworksBuildPhase section */

/* Begin PBXGroup section */
		E213C0342BA597C900807D2A = {
			isa = PBXGroup;
			children = (
				E213C03F2BA597C900807D2A /* Activities */,
				E213C03E2BA597C900807D2A /* Products */,
			);
			sourceTree = "<group>";
		};
		E213C03E2BA597C900807D2A /* Products */ = {
			isa = PBXGroup;
			children = (
				E213C03D2BA597C900807D2A /* Activities.app */,
			);
			name = Products;
			sourceTree = "<group>";
		};
		E213C03F2BA597C900807D2A /* Activities */ = {
			isa = PBXGroup;
			children = (
				E213C0402BA597C900807D2A /* AppDelegate.swift */,
				E213C0422BA597C900807D2A /* SceneDelegate.swift */,
				E2BDEF652BA73ABE003AD044 /* Coordinator */,
				E213C0AA2BA59E3A00807D2A /* Main */,
				E2BDEF6C2BA74FD2003AD044 /* Tasks */,
				E213C04C2BA597CA00807D2A /* Assets.xcassets */,
				E213C04E2BA597CA00807D2A /* LaunchScreen.storyboard */,
				E213C0512BA597CA00807D2A /* Info.plist */,
				E213C0492BA597C900807D2A /* Activities.xcdatamodeld */,
				E213C0AE2BA5A24C00807D2A /* Utilities */,
				E213C0752BA59CC900807D2A /* Extensions */,
			);
			path = Activities;
			sourceTree = "<group>";
		};
		E213C0752BA59CC900807D2A /* Extensions */ = {
			isa = PBXGroup;
			children = (
				E213C0762BA59CC900807D2A /* ClosureTapGestureRecognizer.swift */,
				E213C0772BA59CC900807D2A /* UIViewControllerRepresentable+Extension.swift */,
				E213C0782BA59CC900807D2A /* UIImage+Extension.swift */,
				E213C0792BA59CC900807D2A /* ProcessingButton.swift */,
				E213C07A2BA59CC900807D2A /* Double+Extension.swift */,
				E213C07B2BA59CC900807D2A /* UIView+Frame.swift */,
				E213C07C2BA59CC900807D2A /* UIColor+Helper.swift */,
				E2377CC92BA5D88E005E8CF2 /* UIView+Shadows.swift */,
				E213C07D2BA59CC900807D2A /* PaddingLabel.swift */,
				E213C07F2BA59CC900807D2A /* UIStackView+Extension.swift */,
				E213C0802BA59CC900807D2A /* UIFont+names.swift */,
				E213C0812BA59CC900807D2A /* BorderedGradientView.swift */,
				E213C0822BA59CC900807D2A /* ReusableView.swift */,
				E213C0B72BA5A60300807D2A /* NSLayoutConstraint+Operators.swift */,
				E2377CCB2BA5E418005E8CF2 /* UIControl+Extension.swift */,
			);
			path = Extensions;
			sourceTree = "<group>";
		};
		E213C0AA2BA59E3A00807D2A /* Main */ = {
			isa = PBXGroup;
			children = (
				E213C0BC2BA5A99600807D2A /* ViewModel */,
				E213C0BB2BA5A98000807D2A /* View */,
			);
			path = Main;
			sourceTree = "<group>";
		};
		E213C0AE2BA5A24C00807D2A /* Utilities */ = {
			isa = PBXGroup;
			children = (
				E213C0AF2BA5A25600807D2A /* Box.swift */,
			);
			path = Utilities;
			sourceTree = "<group>";
		};
		E213C0BB2BA5A98000807D2A /* View */ = {
			isa = PBXGroup;
			children = (
				E213C0442BA597C900807D2A /* MainViewController.swift */,
				E213C0BE2BA5AA0900807D2A /* TaskGroupTableViewCell.swift */,
			);
			path = View;
			sourceTree = "<group>";
		};
		E213C0BC2BA5A99600807D2A /* ViewModel */ = {
			isa = PBXGroup;
			children = (
				E213C0B32BA5A2B900807D2A /* MainViewControllerViewModel.swift */,
			);
			path = ViewModel;
			sourceTree = "<group>";
		};
		E2BDEF652BA73ABE003AD044 /* Coordinator */ = {
			isa = PBXGroup;
			children = (
				E2BDEF632BA73AB7003AD044 /* Coordinator.swift */,
				E2BDEF662BA73B29003AD044 /* AppCoordinator.swift */,
				E2BDEF682BA73E46003AD044 /* MainScreenCoordinator.swift */,
				E2BDEF6A2BA73E54003AD044 /* TasksScreenCoordinator.swift */,
			);
			path = Coordinator;
			sourceTree = "<group>";
		};
		E2BDEF6C2BA74FD2003AD044 /* Tasks */ = {
			isa = PBXGroup;
			children = (
				E2BDEF6D2BA74FE2003AD044 /* ViewModel */,
				E2BDEF6E2BA74FE5003AD044 /* View */,
			);
			path = Tasks;
			sourceTree = "<group>";
		};
		E2BDEF6D2BA74FE2003AD044 /* ViewModel */ = {
			isa = PBXGroup;
			children = (
				E2BDEF6F2BA7500F003AD044 /* TasksViewControllerViewModel.swift */,
			);
			path = ViewModel;
			sourceTree = "<group>";
		};
		E2BDEF6E2BA74FE5003AD044 /* View */ = {
			isa = PBXGroup;
			children = (
				E2BDEF712BA7501A003AD044 /* TasksViewController.swift */,
				E2BDEF732BA750F3003AD044 /* TaskTableViewCell.swift */,
			);
			path = View;
			sourceTree = "<group>";
		};
/* End PBXGroup section */

/* Begin PBXNativeTarget section */
		E213C03C2BA597C900807D2A /* Activities */ = {
			isa = PBXNativeTarget;
			buildConfigurationList = E213C06A2BA597CA00807D2A /* Build configuration list for PBXNativeTarget "Activities" */;
			buildPhases = (
				E213C0392BA597C900807D2A /* Sources */,
				E213C03A2BA597C900807D2A /* Frameworks */,
				E213C03B2BA597C900807D2A /* Resources */,
			);
			buildRules = (
			);
			dependencies = (
			);
			name = Activities;
			packageProductDependencies = (
			);
			productName = Activities;
			productReference = E213C03D2BA597C900807D2A /* Activities.app */;
			productType = "com.apple.product-type.application";
		};
/* End PBXNativeTarget section */

/* Begin PBXProject section */
		E213C0352BA597C900807D2A /* Project object */ = {
			isa = PBXProject;
			attributes = {
				BuildIndependentTargetsInParallel = 1;
				LastSwiftUpdateCheck = 1520;
				LastUpgradeCheck = 1520;
				TargetAttributes = {
					E213C03C2BA597C900807D2A = {
						CreatedOnToolsVersion = 15.2;
					};
				};
			};
			buildConfigurationList = E213C0382BA597C900807D2A /* Build configuration list for PBXProject "Activities" */;
			compatibilityVersion = "Xcode 14.0";
			developmentRegion = en;
			hasScannedForEncodings = 0;
			knownRegions = (
				en,
				Base,
			);
			mainGroup = E213C0342BA597C900807D2A;
			packageReferences = (
			);
			productRefGroup = E213C03E2BA597C900807D2A /* Products */;
			projectDirPath = "";
			projectRoot = "";
			targets = (
				E213C03C2BA597C900807D2A /* Activities */,
			);
		};
/* End PBXProject section */

/* Begin PBXResourcesBuildPhase section */
		E213C03B2BA597C900807D2A /* Resources */ = {
			isa = PBXResourcesBuildPhase;
			buildActionMask = 2147483647;
			files = (
				E213C0502BA597CA00807D2A /* LaunchScreen.storyboard in Resources */,
				E213C04D2BA597CA00807D2A /* Assets.xcassets in Resources */,
			);
			runOnlyForDeploymentPostprocessing = 0;
		};
/* End PBXResourcesBuildPhase section */

/* Begin PBXSourcesBuildPhase section */
		E213C0392BA597C900807D2A /* Sources */ = {
			isa = PBXSourcesBuildPhase;
			buildActionMask = 2147483647;
			files = (
				E213C0982BA59CC900807D2A /* PaddingLabel.swift in Sources */,
				E213C0A72BA59CC900807D2A /* ReusableView.swift in Sources */,
				E213C09E2BA59CC900807D2A /* UIStackView+Extension.swift in Sources */,
				E2377CCA2BA5D88E005E8CF2 /* UIView+Shadows.swift in Sources */,
				E213C0BF2BA5AA0900807D2A /* TaskGroupTableViewCell.swift in Sources */,
				E2BDEF742BA750F3003AD044 /* TaskTableViewCell.swift in Sources */,
				E213C04B2BA597C900807D2A /* Activities.xcdatamodeld in Sources */,
				E213C0892BA59CC900807D2A /* UIImage+Extension.swift in Sources */,
				E213C08F2BA59CC900807D2A /* Double+Extension.swift in Sources */,
				E213C0A42BA59CC900807D2A /* BorderedGradientView.swift in Sources */,
				E213C08C2BA59CC900807D2A /* ProcessingButton.swift in Sources */,
				E213C0B42BA5A2B900807D2A /* MainViewControllerViewModel.swift in Sources */,
				E213C0862BA59CC900807D2A /* UIViewControllerRepresentable+Extension.swift in Sources */,
				E2BDEF672BA73B29003AD044 /* AppCoordinator.swift in Sources */,
				E2BDEF6B2BA73E54003AD044 /* TasksScreenCoordinator.swift in Sources */,
				E213C0B02BA5A25600807D2A /* Box.swift in Sources */,
				E213C0452BA597C900807D2A /* MainViewController.swift in Sources */,
				E213C0922BA59CC900807D2A /* UIView+Frame.swift in Sources */,
				E2BDEF722BA7501A003AD044 /* TasksViewController.swift in Sources */,
				E2BDEF702BA7500F003AD044 /* TasksViewControllerViewModel.swift in Sources */,
				E2BDEF692BA73E46003AD044 /* MainScreenCoordinator.swift in Sources */,
				E2377CCC2BA5E418005E8CF2 /* UIControl+Extension.swift in Sources */,
				E213C0412BA597C900807D2A /* AppDelegate.swift in Sources */,
				E2BDEF642BA73AB7003AD044 /* Coordinator.swift in Sources */,
				E213C0952BA59CC900807D2A /* UIColor+Helper.swift in Sources */,
				E213C0B82BA5A60300807D2A /* NSLayoutConstraint+Operators.swift in Sources */,
				E213C0832BA59CC900807D2A /* ClosureTapGestureRecognizer.swift in Sources */,
				E213C0A12BA59CC900807D2A /* UIFont+names.swift in Sources */,
				E213C0432BA597C900807D2A /* SceneDelegate.swift in Sources */,
			);
			runOnlyForDeploymentPostprocessing = 0;
		};
/* End PBXSourcesBuildPhase section */

/* Begin PBXVariantGroup section */
		E213C04E2BA597CA00807D2A /* LaunchScreen.storyboard */ = {
			isa = PBXVariantGroup;
			children = (
				E213C04F2BA597CA00807D2A /* Base */,
			);
			name = LaunchScreen.storyboard;
			sourceTree = "<group>";
		};
/* End PBXVariantGroup section */

/* Begin XCBuildConfiguration section */
		E213C0682BA597CA00807D2A /* Debug */ = {
			isa = XCBuildConfiguration;
			buildSettings = {
				ALWAYS_SEARCH_USER_PATHS = NO;
				ASSETCATALOG_COMPILER_GENERATE_SWIFT_ASSET_SYMBOL_EXTENSIONS = YES;
				CLANG_ANALYZER_NONNULL = YES;
				CLANG_ANALYZER_NUMBER_OBJECT_CONVERSION = YES_AGGRESSIVE;
				CLANG_CXX_LANGUAGE_STANDARD = "gnu++20";
				CLANG_ENABLE_MODULES = YES;
				CLANG_ENABLE_OBJC_ARC = YES;
				CLANG_ENABLE_OBJC_WEAK = YES;
				CLANG_WARN_BLOCK_CAPTURE_AUTORELEASING = YES;
				CLANG_WARN_BOOL_CONVERSION = YES;
				CLANG_WARN_COMMA = YES;
				CLANG_WARN_CONSTANT_CONVERSION = YES;
				CLANG_WARN_DEPRECATED_OBJC_IMPLEMENTATIONS = YES;
				CLANG_WARN_DIRECT_OBJC_ISA_USAGE = YES_ERROR;
				CLANG_WARN_DOCUMENTATION_COMMENTS = YES;
				CLANG_WARN_EMPTY_BODY = YES;
				CLANG_WARN_ENUM_CONVERSION = YES;
				CLANG_WARN_INFINITE_RECURSION = YES;
				CLANG_WARN_INT_CONVERSION = YES;
				CLANG_WARN_NON_LITERAL_NULL_CONVERSION = YES;
				CLANG_WARN_OBJC_IMPLICIT_RETAIN_SELF = YES;
				CLANG_WARN_OBJC_LITERAL_CONVERSION = YES;
				CLANG_WARN_OBJC_ROOT_CLASS = YES_ERROR;
				CLANG_WARN_QUOTED_INCLUDE_IN_FRAMEWORK_HEADER = YES;
				CLANG_WARN_RANGE_LOOP_ANALYSIS = YES;
				CLANG_WARN_STRICT_PROTOTYPES = YES;
				CLANG_WARN_SUSPICIOUS_MOVE = YES;
				CLANG_WARN_UNGUARDED_AVAILABILITY = YES_AGGRESSIVE;
				CLANG_WARN_UNREACHABLE_CODE = YES;
				CLANG_WARN__DUPLICATE_METHOD_MATCH = YES;
				COPY_PHASE_STRIP = NO;
				DEBUG_INFORMATION_FORMAT = dwarf;
				ENABLE_STRICT_OBJC_MSGSEND = YES;
				ENABLE_TESTABILITY = YES;
				ENABLE_USER_SCRIPT_SANDBOXING = YES;
				GCC_C_LANGUAGE_STANDARD = gnu17;
				GCC_DYNAMIC_NO_PIC = NO;
				GCC_NO_COMMON_BLOCKS = YES;
				GCC_OPTIMIZATION_LEVEL = 0;
				GCC_PREPROCESSOR_DEFINITIONS = (
					"DEBUG=1",
					"$(inherited)",
				);
				GCC_WARN_64_TO_32_BIT_CONVERSION = YES;
				GCC_WARN_ABOUT_RETURN_TYPE = YES_ERROR;
				GCC_WARN_UNDECLARED_SELECTOR = YES;
				GCC_WARN_UNINITIALIZED_AUTOS = YES_AGGRESSIVE;
				GCC_WARN_UNUSED_FUNCTION = YES;
				GCC_WARN_UNUSED_VARIABLE = YES;
				IPHONEOS_DEPLOYMENT_TARGET = 17.2;
				LOCALIZATION_PREFERS_STRING_CATALOGS = YES;
				MTL_ENABLE_DEBUG_INFO = INCLUDE_SOURCE;
				MTL_FAST_MATH = YES;
				ONLY_ACTIVE_ARCH = YES;
				SDKROOT = iphoneos;
				SWIFT_ACTIVE_COMPILATION_CONDITIONS = "DEBUG $(inherited)";
				SWIFT_OPTIMIZATION_LEVEL = "-Onone";
			};
			name = Debug;
		};
		E213C0692BA597CA00807D2A /* Release */ = {
			isa = XCBuildConfiguration;
			buildSettings = {
				ALWAYS_SEARCH_USER_PATHS = NO;
				ASSETCATALOG_COMPILER_GENERATE_SWIFT_ASSET_SYMBOL_EXTENSIONS = YES;
				CLANG_ANALYZER_NONNULL = YES;
				CLANG_ANALYZER_NUMBER_OBJECT_CONVERSION = YES_AGGRESSIVE;
				CLANG_CXX_LANGUAGE_STANDARD = "gnu++20";
				CLANG_ENABLE_MODULES = YES;
				CLANG_ENABLE_OBJC_ARC = YES;
				CLANG_ENABLE_OBJC_WEAK = YES;
				CLANG_WARN_BLOCK_CAPTURE_AUTORELEASING = YES;
				CLANG_WARN_BOOL_CONVERSION = YES;
				CLANG_WARN_COMMA = YES;
				CLANG_WARN_CONSTANT_CONVERSION = YES;
				CLANG_WARN_DEPRECATED_OBJC_IMPLEMENTATIONS = YES;
				CLANG_WARN_DIRECT_OBJC_ISA_USAGE = YES_ERROR;
				CLANG_WARN_DOCUMENTATION_COMMENTS = YES;
				CLANG_WARN_EMPTY_BODY = YES;
				CLANG_WARN_ENUM_CONVERSION = YES;
				CLANG_WARN_INFINITE_RECURSION = YES;
				CLANG_WARN_INT_CONVERSION = YES;
				CLANG_WARN_NON_LITERAL_NULL_CONVERSION = YES;
				CLANG_WARN_OBJC_IMPLICIT_RETAIN_SELF = YES;
				CLANG_WARN_OBJC_LITERAL_CONVERSION = YES;
				CLANG_WARN_OBJC_ROOT_CLASS = YES_ERROR;
				CLANG_WARN_QUOTED_INCLUDE_IN_FRAMEWORK_HEADER = YES;
				CLANG_WARN_RANGE_LOOP_ANALYSIS = YES;
				CLANG_WARN_STRICT_PROTOTYPES = YES;
				CLANG_WARN_SUSPICIOUS_MOVE = YES;
				CLANG_WARN_UNGUARDED_AVAILABILITY = YES_AGGRESSIVE;
				CLANG_WARN_UNREACHABLE_CODE = YES;
				CLANG_WARN__DUPLICATE_METHOD_MATCH = YES;
				COPY_PHASE_STRIP = NO;
				DEBUG_INFORMATION_FORMAT = "dwarf-with-dsym";
				ENABLE_NS_ASSERTIONS = NO;
				ENABLE_STRICT_OBJC_MSGSEND = YES;
				ENABLE_USER_SCRIPT_SANDBOXING = YES;
				GCC_C_LANGUAGE_STANDARD = gnu17;
				GCC_NO_COMMON_BLOCKS = YES;
				GCC_WARN_64_TO_32_BIT_CONVERSION = YES;
				GCC_WARN_ABOUT_RETURN_TYPE = YES_ERROR;
				GCC_WARN_UNDECLARED_SELECTOR = YES;
				GCC_WARN_UNINITIALIZED_AUTOS = YES_AGGRESSIVE;
				GCC_WARN_UNUSED_FUNCTION = YES;
				GCC_WARN_UNUSED_VARIABLE = YES;
				IPHONEOS_DEPLOYMENT_TARGET = 17.2;
				LOCALIZATION_PREFERS_STRING_CATALOGS = YES;
				MTL_ENABLE_DEBUG_INFO = NO;
				MTL_FAST_MATH = YES;
				SDKROOT = iphoneos;
				SWIFT_COMPILATION_MODE = wholemodule;
				VALIDATE_PRODUCT = YES;
			};
			name = Release;
		};
		E213C06B2BA597CA00807D2A /* Debug */ = {
			isa = XCBuildConfiguration;
			buildSettings = {
				ASSETCATALOG_COMPILER_APPICON_NAME = AppIcon;
				ASSETCATALOG_COMPILER_GLOBAL_ACCENT_COLOR_NAME = AccentColor;
				CODE_SIGN_STYLE = Automatic;
				CURRENT_PROJECT_VERSION = 1;
				DEVELOPMENT_TEAM = UPP28B77QU;
				GENERATE_INFOPLIST_FILE = YES;
				INFOPLIST_FILE = Activities/Info.plist;
				INFOPLIST_KEY_UIApplicationSupportsIndirectInputEvents = YES;
				INFOPLIST_KEY_UILaunchStoryboardName = LaunchScreen;
				INFOPLIST_KEY_UISupportedInterfaceOrientations_iPad = "UIInterfaceOrientationPortrait UIInterfaceOrientationPortraitUpsideDown UIInterfaceOrientationLandscapeLeft UIInterfaceOrientationLandscapeRight";
				INFOPLIST_KEY_UISupportedInterfaceOrientations_iPhone = "UIInterfaceOrientationPortrait UIInterfaceOrientationLandscapeLeft UIInterfaceOrientationLandscapeRight";
				LD_RUNPATH_SEARCH_PATHS = (
					"$(inherited)",
					"@executable_path/Frameworks",
				);
				MARKETING_VERSION = 1.0;
				PRODUCT_BUNDLE_IDENTIFIER = com.maximch.Activities;
				PRODUCT_NAME = "$(TARGET_NAME)";
				SWIFT_EMIT_LOC_STRINGS = YES;
				SWIFT_VERSION = 5.0;
				TARGETED_DEVICE_FAMILY = "1,2";
			};
			name = Debug;
		};
		E213C06C2BA597CA00807D2A /* Release */ = {
			isa = XCBuildConfiguration;
			buildSettings = {
				ASSETCATALOG_COMPILER_APPICON_NAME = AppIcon;
				ASSETCATALOG_COMPILER_GLOBAL_ACCENT_COLOR_NAME = AccentColor;
				CODE_SIGN_STYLE = Automatic;
				CURRENT_PROJECT_VERSION = 1;
				DEVELOPMENT_TEAM = UPP28B77QU;
				GENERATE_INFOPLIST_FILE = YES;
				INFOPLIST_FILE = Activities/Info.plist;
				INFOPLIST_KEY_UIApplicationSupportsIndirectInputEvents = YES;
				INFOPLIST_KEY_UILaunchStoryboardName = LaunchScreen;
				INFOPLIST_KEY_UISupportedInterfaceOrientations_iPad = "UIInterfaceOrientationPortrait UIInterfaceOrientationPortraitUpsideDown UIInterfaceOrientationLandscapeLeft UIInterfaceOrientationLandscapeRight";
				INFOPLIST_KEY_UISupportedInterfaceOrientations_iPhone = "UIInterfaceOrientationPortrait UIInterfaceOrientationLandscapeLeft UIInterfaceOrientationLandscapeRight";
				LD_RUNPATH_SEARCH_PATHS = (
					"$(inherited)",
					"@executable_path/Frameworks",
				);
				MARKETING_VERSION = 1.0;
				PRODUCT_BUNDLE_IDENTIFIER = com.maximch.Activities;
				PRODUCT_NAME = "$(TARGET_NAME)";
				SWIFT_EMIT_LOC_STRINGS = YES;
				SWIFT_VERSION = 5.0;
				TARGETED_DEVICE_FAMILY = "1,2";
			};
			name = Release;
		};
/* End XCBuildConfiguration section */

/* Begin XCConfigurationList section */
		E213C0382BA597C900807D2A /* Build configuration list for PBXProject "Activities" */ = {
			isa = XCConfigurationList;
			buildConfigurations = (
				E213C0682BA597CA00807D2A /* Debug */,
				E213C0692BA597CA00807D2A /* Release */,
			);
			defaultConfigurationIsVisible = 0;
			defaultConfigurationName = Release;
		};
		E213C06A2BA597CA00807D2A /* Build configuration list for PBXNativeTarget "Activities" */ = {
			isa = XCConfigurationList;
			buildConfigurations = (
				E213C06B2BA597CA00807D2A /* Debug */,
				E213C06C2BA597CA00807D2A /* Release */,
			);
			defaultConfigurationIsVisible = 0;
			defaultConfigurationName = Release;
		};
/* End XCConfigurationList section */

/* Begin XCVersionGroup section */
		E213C0492BA597C900807D2A /* Activities.xcdatamodeld */ = {
			isa = XCVersionGroup;
			children = (
				E213C04A2BA597C900807D2A /* Activities.xcdatamodel */,
			);
			currentVersion = E213C04A2BA597C900807D2A /* Activities.xcdatamodel */;
			path = Activities.xcdatamodeld;
			sourceTree = "<group>";
			versionGroupType = wrapper.xcdatamodel;
		};
/* End XCVersionGroup section */
	};
	rootObject = E213C0352BA597C900807D2A /* Project object */;
}
